
Microsoft Visual Studio Solution File, Format Version 12.00
# Visual Studio Version 17
VisualStudioVersion = 17.11.35208.52
MinimumVisualStudioVersion = 10.0.40219.1
Project("{FAE04EC0-301F-11D3-BF4B-00C04F79EFBC}") = "tem7", "tem7\tem7.csproj", "{B7047A9B-2AA6-486C-8D19-4CC1A69490F6}"
EndProject
Global
	GlobalSection(SolutionConfigurationPlatforms) = preSolution
		Debug|Any CPU = Debug|Any CPU
		Release|Any CPU = Release|Any CPU
	EndGlobalSection
	GlobalSection(ProjectConfigurationPlatforms) = postSolution
		{B7047A9B-2AA6-486C-8D19-4CC1A69490F6}.Debug|Any CPU.ActiveCfg = Debug|Any CPU
		{B7047A9B-2AA6-486C-8D19-4CC1A69490F6}.Debug|Any CPU.Build.0 = Debug|Any CPU
		{B7047A9B-2AA6-486C-8D19-4CC1A69490F6}.Release|Any CPU.ActiveCfg = Release|Any CPU
		{B7047A9B-2AA6-486C-8D19-4CC1A69490F6}.Release|Any CPU.Build.0 = Release|Any CPU
	EndGlobalSection
	GlobalSection(SolutionProperties) = preSolution
		HideSolutionNode = FALSE
	EndGlobalSection
	GlobalSection(ExtensibilityGlobals) = postSolution
		SolutionGuid = {F2C3CC21-DA63-4FB4-A54C-5C4286E84E77}
	EndGlobalSection
EndGlobal
